# This file is automatically @generated by Cargo.
# It is not intended for manual editing.
version = 3

[[package]]
name = "djot-ls"
version = "0.1.0"
dependencies = [
 "jotdown",
]

[[package]]
name = "jotdown"
version = "0.6.0"
source = "registry+https://github.com/rust-lang/crates.io-index"
checksum = "19fa1db3b285830176c8a940d4e3376679772bee9f58a83dd9285a4a54e30f6e"
